
Microsoft Visual Studio Solution File, Format Version 12.00
# Visual Studio Version 16
VisualStudioVersion = 16.0.31025.194
MinimumVisualStudioVersion = 10.0.40219.1
Project("{FAE04EC0-301F-11D3-BF4B-00C04F79EFBC}") = "SF3.3", "SF3.3.csproj", "{07C3B965-C143-4F2F-AF16-D12B9D398C93}"
EndProject
Global
	GlobalSection(SolutionConfigurationPlatforms) = preSolution
		Debug|Any CPU = Debug|Any CPU
		Release|Any CPU = Release|Any CPU
	EndGlobalSection
	GlobalSection(ProjectConfigurationPlatforms) = postSolution
		{07C3B965-C143-4F2F-AF16-D12B9D398C93}.Debug|Any CPU.ActiveCfg = Debug|Any CPU
		{07C3B965-C143-4F2F-AF16-D12B9D398C93}.Debug|Any CPU.Build.0 = Debug|Any CPU
		{07C3B965-C143-4F2F-AF16-D12B9D398C93}.Release|Any CPU.ActiveCfg = Release|Any CPU
		{07C3B965-C143-4F2F-AF16-D12B9D398C93}.Release|Any CPU.Build.0 = Release|Any CPU
	EndGlobalSection
	GlobalSection(SolutionProperties) = preSolution
		HideSolutionNode = FALSE
	EndGlobalSection
	GlobalSection(ExtensibilityGlobals) = postSolution
		SolutionGuid = {7E1F0625-48F6-4133-BFDB-206978FC2026}
	EndGlobalSection
EndGlobal
